<?xml version="1.0" encoding="utf-8"?>
<Project ToolsVersion="4.0" xmlns="http://schemas.microsoft.com/developer/msbuild/2003">
  <ItemGroup>
    <ClCompile Include="src\main.cpp" />
    <ClCompile Include="src\menu.cpp">
      <Filter>Screens\Main Menu</Filter>
    </ClCompile>
    <ClCompile Include="src\game.cpp">
      <Filter>Screens\Game</Filter>
    </ClCompile>
    <ClCompile Include="src\credits.cpp">
      <Filter>Screens\Credits</Filter>
    </ClCompile>
    <ClCompile Include="src\asteroid.cpp">
      <Filter>Elements\Asteroid</Filter>
    </ClCompile>
    <ClCompile Include="src\spaceShip.cpp">
      <Filter>Elements\SpaceShip</Filter>
    </ClCompile>
    <ClCompile Include="src\program.cpp" />
  </ItemGroup>
  <ItemGroup>
    <ClInclude Include="src\menu.h">
      <Filter>Screens\Main Menu</Filter>
    </ClInclude>
    <ClInclude Include="src\game.h">
      <Filter>Screens\Game</Filter>
    </ClInclude>
    <ClInclude Include="src\credits.h">
      <Filter>Screens\Credits</Filter>
    </ClInclude>
    <ClInclude Include="src\asteroid.h">
      <Filter>Elements\Asteroid</Filter>
    </ClInclude>
    <ClInclude Include="src\spaceShip.h">
      <Filter>Elements\SpaceShip</Filter>
    </ClInclude>
    <ClInclude Include="src\constants.h">
      <Filter>Elements</Filter>
    </ClInclude>
    <ClInclude Include="src\program.h" />
  </ItemGroup>
  <ItemGroup>
    <Filter Include="Screens">
      <UniqueIdentifier>{26cfcd05-ffb2-438b-9c7b-c7537062c76d}</UniqueIdentifier>
    </Filter>
    <Filter Include="Screens\Main Menu">
      <UniqueIdentifier>{30acbb60-1dee-4b73-b030-1598be3ba6ec}</UniqueIdentifier>
    </Filter>
    <Filter Include="Screens\Game">
      <UniqueIdentifier>{2f7c3959-41fe-4bd8-b608-f0fe06cbb80b}</UniqueIdentifier>
    </Filter>
    <Filter Include="Screens\Credits">
      <UniqueIdentifier>{42445fb0-32d1-480c-b819-c8a2c748953b}</UniqueIdentifier>
    </Filter>
    <Filter Include="Elements">
      <UniqueIdentifier>{372ca48b-bf9f-4db1-acd8-60d3aaaf7177}</UniqueIdentifier>
    </Filter>
    <Filter Include="Elements\Asteroid">
      <UniqueIdentifier>{c0ba37a5-030e-42c1-82b3-bd9a445bb144}</UniqueIdentifier>
    </Filter>
    <Filter Include="Elements\SpaceShip">
      <UniqueIdentifier>{8a3be3d5-1513-41b3-b98a-3202eb5e0c33}</UniqueIdentifier>
    </Filter>
  </ItemGroup>
</Project>